{
  "meteor": {},
  "dependencies": {
    "basePackages": {
      "npm": {},
      "xml2js": {},
      "iron-router": {},
      "semantic-ui": {}
    },
    "packages": {
      "npm": {
        "git": "https://github.com/arunoda/meteor-npm.git",
        "tag": "v0.2.6",
        "commit": "177ab6118de5bf8cffb19481343d5762ff7a2aaf"
      },
      "xml2js": {
        "git": "https://github.com/peerlibrary/meteor-xml2js.git",
        "tag": "v0.2.8.4",
        "commit": "98ba391239dd79901a7718593b48c1a7e6b0f7b2"
      },
      "iron-router": {
        "git": "https://github.com/EventedMind/iron-router.git",
        "tag": "v0.6.2",
        "commit": "ce56e58b45624dce992490f3a1c10f10d3948bae"
      },
      "semantic-ui": {
        "git": "https://github.com/nooitaf/meteor-semantic-ui.git",
        "tag": "v0.12.1",
        "commit": "6d895bcec1953a1dd609541288fccc3971520d72"
      },
      "blocking": {
        "git": "https://github.com/peerlibrary/meteor-blocking.git",
        "tag": "v0.4.0",
        "commit": "e25a0be72e771b317b26d2bb5758c983bdcef23c"
      }
    }
  }
}
